
Microsoft Visual Studio Solution File, Format Version 12.00
# Visual Studio Version 17
VisualStudioVersion = 17.0.31912.275
MinimumVisualStudioVersion = 10.0.40219.1
Project("{FAE04EC0-301F-11D3-BF4B-00C04F79EFBC}") = "KasaManager.Web", "src\KasaManager.Web\KasaManager.Web.csproj", "{8F8C6E18-2D03-4A14-9A8A-7C0E49C1A2F0}"
EndProject
Project("{FAE04EC0-301F-11D3-BF4B-00C04F79EFBC}") = "KasaManager.Application", "src\KasaManager.Application\KasaManager.Application.csproj", "{E91EE8A7-6C9B-4A6F-8F2A-6A3D7EBC0A15}"
EndProject
Project("{FAE04EC0-301F-11D3-BF4B-00C04F79EFBC}") = "KasaManager.Domain", "src\KasaManager.Domain\KasaManager.Domain.csproj", "{A0E2FA42-92B6-4B24-A7EA-4CC15D86D5C9}"
EndProject
Project("{FAE04EC0-301F-11D3-BF4B-00C04F79EFBC}") = "KasaManager.Infrastructure", "src\KasaManager.Infrastructure\KasaManager.Infrastructure.csproj", "{5F0B35CF-6406-4E6E-8CA8-7E2F005B77BC}"
EndProject
Project("{2150E333-8FDC-42A3-9474-1A3956D46DE8}") = "tests", "tests", "{0AB3BF05-4346-4AA6-1389-037BE0695223}"
EndProject
Project("{FAE04EC0-301F-11D3-BF4B-00C04F79EFBC}") = "KasaManager.Tests", "tests\KasaManager.Tests\KasaManager.Tests.csproj", "{891430DA-19EC-4672-8A1F-05893182E916}"
EndProject
Global
	GlobalSection(SolutionConfigurationPlatforms) = preSolution
		Debug|Any CPU = Debug|Any CPU
		Debug|x64 = Debug|x64
		Debug|x86 = Debug|x86
		Release|Any CPU = Release|Any CPU
		Release|x64 = Release|x64
		Release|x86 = Release|x86
	EndGlobalSection
	GlobalSection(ProjectConfigurationPlatforms) = postSolution
		{8F8C6E18-2D03-4A14-9A8A-7C0E49C1A2F0}.Debug|Any CPU.ActiveCfg = Debug|Any CPU
		{8F8C6E18-2D03-4A14-9A8A-7C0E49C1A2F0}.Debug|Any CPU.Build.0 = Debug|Any CPU
		{8F8C6E18-2D03-4A14-9A8A-7C0E49C1A2F0}.Debug|x64.ActiveCfg = Debug|Any CPU
		{8F8C6E18-2D03-4A14-9A8A-7C0E49C1A2F0}.Debug|x64.Build.0 = Debug|Any CPU
		{8F8C6E18-2D03-4A14-9A8A-7C0E49C1A2F0}.Debug|x86.ActiveCfg = Debug|Any CPU
		{8F8C6E18-2D03-4A14-9A8A-7C0E49C1A2F0}.Debug|x86.Build.0 = Debug|Any CPU
		{8F8C6E18-2D03-4A14-9A8A-7C0E49C1A2F0}.Release|Any CPU.ActiveCfg = Release|Any CPU
		{8F8C6E18-2D03-4A14-9A8A-7C0E49C1A2F0}.Release|Any CPU.Build.0 = Release|Any CPU
		{8F8C6E18-2D03-4A14-9A8A-7C0E49C1A2F0}.Release|x64.ActiveCfg = Release|Any CPU
		{8F8C6E18-2D03-4A14-9A8A-7C0E49C1A2F0}.Release|x64.Build.0 = Release|Any CPU
		{8F8C6E18-2D03-4A14-9A8A-7C0E49C1A2F0}.Release|x86.ActiveCfg = Release|Any CPU
		{8F8C6E18-2D03-4A14-9A8A-7C0E49C1A2F0}.Release|x86.Build.0 = Release|Any CPU
		{E91EE8A7-6C9B-4A6F-8F2A-6A3D7EBC0A15}.Debug|Any CPU.ActiveCfg = Debug|Any CPU
		{E91EE8A7-6C9B-4A6F-8F2A-6A3D7EBC0A15}.Debug|Any CPU.Build.0 = Debug|Any CPU
		{E91EE8A7-6C9B-4A6F-8F2A-6A3D7EBC0A15}.Debug|x64.ActiveCfg = Debug|Any CPU
		{E91EE8A7-6C9B-4A6F-8F2A-6A3D7EBC0A15}.Debug|x64.Build.0 = Debug|Any CPU
		{E91EE8A7-6C9B-4A6F-8F2A-6A3D7EBC0A15}.Debug|x86.ActiveCfg = Debug|Any CPU
		{E91EE8A7-6C9B-4A6F-8F2A-6A3D7EBC0A15}.Debug|x86.Build.0 = Debug|Any CPU
		{E91EE8A7-6C9B-4A6F-8F2A-6A3D7EBC0A15}.Release|Any CPU.ActiveCfg = Release|Any CPU
		{E91EE8A7-6C9B-4A6F-8F2A-6A3D7EBC0A15}.Release|Any CPU.Build.0 = Release|Any CPU
		{E91EE8A7-6C9B-4A6F-8F2A-6A3D7EBC0A15}.Release|x64.ActiveCfg = Release|Any CPU
		{E91EE8A7-6C9B-4A6F-8F2A-6A3D7EBC0A15}.Release|x64.Build.0 = Release|Any CPU
		{E91EE8A7-6C9B-4A6F-8F2A-6A3D7EBC0A15}.Release|x86.ActiveCfg = Release|Any CPU
		{E91EE8A7-6C9B-4A6F-8F2A-6A3D7EBC0A15}.Release|x86.Build.0 = Release|Any CPU
		{A0E2FA42-92B6-4B24-A7EA-4CC15D86D5C9}.Debug|Any CPU.ActiveCfg = Debug|Any CPU
		{A0E2FA42-92B6-4B24-A7EA-4CC15D86D5C9}.Debug|Any CPU.Build.0 = Debug|Any CPU
		{A0E2FA42-92B6-4B24-A7EA-4CC15D86D5C9}.Debug|x64.ActiveCfg = Debug|Any CPU
		{A0E2FA42-92B6-4B24-A7EA-4CC15D86D5C9}.Debug|x64.Build.0 = Debug|Any CPU
		{A0E2FA42-92B6-4B24-A7EA-4CC15D86D5C9}.Debug|x86.ActiveCfg = Debug|Any CPU
		{A0E2FA42-92B6-4B24-A7EA-4CC15D86D5C9}.Debug|x86.Build.0 = Debug|Any CPU
		{A0E2FA42-92B6-4B24-A7EA-4CC15D86D5C9}.Release|Any CPU.ActiveCfg = Release|Any CPU
		{A0E2FA42-92B6-4B24-A7EA-4CC15D86D5C9}.Release|Any CPU.Build.0 = Release|Any CPU
		{A0E2FA42-92B6-4B24-A7EA-4CC15D86D5C9}.Release|x64.ActiveCfg = Release|Any CPU
		{A0E2FA42-92B6-4B24-A7EA-4CC15D86D5C9}.Release|x64.Build.0 = Release|Any CPU
		{A0E2FA42-92B6-4B24-A7EA-4CC15D86D5C9}.Release|x86.ActiveCfg = Release|Any CPU
		{A0E2FA42-92B6-4B24-A7EA-4CC15D86D5C9}.Release|x86.Build.0 = Release|Any CPU
		{5F0B35CF-6406-4E6E-8CA8-7E2F005B77BC}.Debug|Any CPU.ActiveCfg = Debug|Any CPU
		{5F0B35CF-6406-4E6E-8CA8-7E2F005B77BC}.Debug|Any CPU.Build.0 = Debug|Any CPU
		{5F0B35CF-6406-4E6E-8CA8-7E2F005B77BC}.Debug|x64.ActiveCfg = Debug|Any CPU
		{5F0B35CF-6406-4E6E-8CA8-7E2F005B77BC}.Debug|x64.Build.0 = Debug|Any CPU
		{5F0B35CF-6406-4E6E-8CA8-7E2F005B77BC}.Debug|x86.ActiveCfg = Debug|Any CPU
		{5F0B35CF-6406-4E6E-8CA8-7E2F005B77BC}.Debug|x86.Build.0 = Debug|Any CPU
		{5F0B35CF-6406-4E6E-8CA8-7E2F005B77BC}.Release|Any CPU.ActiveCfg = Release|Any CPU
		{5F0B35CF-6406-4E6E-8CA8-7E2F005B77BC}.Release|Any CPU.Build.0 = Release|Any CPU
		{5F0B35CF-6406-4E6E-8CA8-7E2F005B77BC}.Release|x64.ActiveCfg = Release|Any CPU
		{5F0B35CF-6406-4E6E-8CA8-7E2F005B77BC}.Release|x64.Build.0 = Release|Any CPU
		{5F0B35CF-6406-4E6E-8CA8-7E2F005B77BC}.Release|x86.ActiveCfg = Release|Any CPU
		{5F0B35CF-6406-4E6E-8CA8-7E2F005B77BC}.Release|x86.Build.0 = Release|Any CPU
		{891430DA-19EC-4672-8A1F-05893182E916}.Debug|Any CPU.ActiveCfg = Debug|Any CPU
		{891430DA-19EC-4672-8A1F-05893182E916}.Debug|Any CPU.Build.0 = Debug|Any CPU
		{891430DA-19EC-4672-8A1F-05893182E916}.Debug|x64.ActiveCfg = Debug|Any CPU
		{891430DA-19EC-4672-8A1F-05893182E916}.Debug|x64.Build.0 = Debug|Any CPU
		{891430DA-19EC-4672-8A1F-05893182E916}.Debug|x86.ActiveCfg = Debug|Any CPU
		{891430DA-19EC-4672-8A1F-05893182E916}.Debug|x86.Build.0 = Debug|Any CPU
		{891430DA-19EC-4672-8A1F-05893182E916}.Release|Any CPU.ActiveCfg = Release|Any CPU
		{891430DA-19EC-4672-8A1F-05893182E916}.Release|Any CPU.Build.0 = Release|Any CPU
		{891430DA-19EC-4672-8A1F-05893182E916}.Release|x64.ActiveCfg = Release|Any CPU
		{891430DA-19EC-4672-8A1F-05893182E916}.Release|x64.Build.0 = Release|Any CPU
		{891430DA-19EC-4672-8A1F-05893182E916}.Release|x86.ActiveCfg = Release|Any CPU
		{891430DA-19EC-4672-8A1F-05893182E916}.Release|x86.Build.0 = Release|Any CPU
	EndGlobalSection
	GlobalSection(SolutionProperties) = preSolution
		HideSolutionNode = FALSE
	EndGlobalSection
	GlobalSection(NestedProjects) = preSolution
		{891430DA-19EC-4672-8A1F-05893182E916} = {0AB3BF05-4346-4AA6-1389-037BE0695223}
	EndGlobalSection
	GlobalSection(ExtensibilityGlobals) = postSolution
		SolutionGuid = {A6188CFB-1CA5-44E3-A8DF-8E439F293AA9}
	EndGlobalSection
EndGlobal
